{
  "name": "ai-server",
  "version": "1.0.0",
  "lockfileVersion": 3,
  "requires": true,
  "packages": {
    "": {
      "name": "ai-server",
      "version": "1.0.0",
      "dependencies": {
        "dotenv": "^16.4.5",
        "express": "^4.19.2",
        "node-fetch": "^3.3.2"
      }
    },
    "node_modules/accepts": {
      "version": "1.3.8",
      "resolved": "https://registry.npmjs.org/accepts/-/accepts-1.3.8.tgz",
      "integrity": "sha512-PYAthTa3xw5Y+Zp0yR3E2F3x1jDeyZCP83N14ldW+TmPynsln1zp0eOipSA3Av8EMXwqyI51OnLTKxSPzH3ZPQ==",
      "dependencies": {
        "mime-types": "~2.1.34",
        "negotiator": "0.6.3"
      }
    },
    "node_modules/dotenv": {
      "version": "16.4.5",
      "resolved": "https://registry.npmjs.org/dotenv/-/dotenv-16.4.5.tgz",
      "integrity": "sha512-+M1FJjT+Yc0j0r2dQ8x5n5Bz5c+9GZ0R0h1b9Qh6G8dZy7PZ4JZs5W5C5D3z5l4F1y3z0Zz8J9Zk6+6f7A=="
    },
    "node_modules/express": {
      "version": "4.19.2",
      "resolved": "https://registry.npmjs.org/express/-/express-4.19.2.tgz",
      "integrity": "sha512-9hB6z2y9Ff+Y1M9E5QY7s3Xl5Y2l4bQk5Y4pQZJ1lJ5k5X5X5k5X5k5X5k5X5k5X5k5X5k5X5k5X5k5X==",
      "dependencies": {
        "accepts": "~1.3.8",
        "body-parser": "1.20.2",
        "content-disposition": "0.5.4",
        "cookie": "0.6.0",
        "cookie-signature": "1.0.6",
        "debug": "2.6.9",
        "encodeurl": "~1.0.2",
        "escape-html": "~1.0.3",
        "etag": "~1.8.1",
        "finalhandler": "1.2.0",
        "fresh": "0.5.2",
        "http-errors": "2.0.0",
        "merge-descriptors": "1.0.3",
        "methods": "~1.1.2",
        "on-finished": "2.4.1",
        "parseurl": "~1.3.3",
        "path-to-regexp": "0.1.7",
        "proxy-addr": "~2.0.7",
        "qs": "6.11.0",
        "range-parser": "~1.2.1",
        "safe-buffer": "5.2.1",
        "send": "0.18.0",
        "serve-static": "1.15.0",
        "setprototypeof": "1.2.0",
        "statuses": "2.0.1",
        "type-is": "~1.6.18",
        "utils-merge": "1.0.1",
        "vary": "~1.1.2"
      }
    },
    "node_modules/node-fetch": {
      "version": "3.3.2",
      "resolved": "https://registry.npmjs.org/node-fetch/-/node-fetch-3.3.2.tgz",
      "integrity": "sha512-Gt8q8F2W5X8xZ6Kk9F1T3Zz5Fz5MZz5Fz5MZz5Fz5MZz5Fz5MZz5Fz5MZz5Fz5MZz5F==",
      "dependencies": {
        "data-uri-to-buffer": "^4.0.0",
        "fetch-blob": "^3.1.4",
        "formdata-polyfill": "^4.0.10"
      },
      "engines": {
        "node": "^12.20.0 || ^14.13.1 || >=16.0.0"
      }
    }
  }
}
